
Microsoft Visual Studio Solution File, Format Version 12.00
# Visual Studio Version 16
VisualStudioVersion = 16.0.31424.327
MinimumVisualStudioVersion = 10.0.40219.1
Project("{2150E333-8FDC-42A3-9474-1A3956D46DE8}") = "Book Micro Service", "Book Micro Service", "{12CE24D8-524C-4149-B02F-91C9604321AC}"
EndProject
Project("{2150E333-8FDC-42A3-9474-1A3956D46DE8}") = "BestBooks MVC Web App", "BestBooks MVC Web App", "{71429EBD-74F4-42DE-A025-E39FC14AE7AF}"
EndProject
Project("{2150E333-8FDC-42A3-9474-1A3956D46DE8}") = "User Micro Service", "User Micro Service", "{34B2A1E1-5472-468A-A488-11B95DD11783}"
EndProject
Project("{2150E333-8FDC-42A3-9474-1A3956D46DE8}") = "Order Micro Service", "Order Micro Service", "{EDD478D7-3216-4E5C-B0E7-1C8A6877EF54}"
EndProject
Project("{2150E333-8FDC-42A3-9474-1A3956D46DE8}") = "Despatch Micro Service", "Despatch Micro Service", "{7FABC2ED-B95B-40E6-9BD5-0DA8C44EA677}"
EndProject
Project("{9A19103F-16F7-4668-BE54-9A1E7A4F7556}") = "BestBooks.Web", "BestBooks MVC Web App\BestBooks.Web\BestBooks.Web.csproj", "{00E87B6E-ED13-46AE-80DF-971582B4CB62}"
EndProject
Project("{9A19103F-16F7-4668-BE54-9A1E7A4F7556}") = "BestBooks.ViewModel", "BestBooks MVC Web App\BestBooks.ViewModel\BestBooks.ViewModel.csproj", "{B760DCEC-A447-4B38-A774-975592F54D16}"
EndProject
Project("{9A19103F-16F7-4668-BE54-9A1E7A4F7556}") = "BestBooks.ServiceGateway", "BestBooks MVC Web App\BestBooks.ServiceGateway\BestBooks.ServiceGateway.csproj", "{FEBCDE5A-8833-44F3-8958-9E4DADCBA4AD}"
EndProject
Project("{9A19103F-16F7-4668-BE54-9A1E7A4F7556}") = "BestBooks.BookBLRepository", "Book Micro Service\BestBooks.BLRepository\BestBooks.BookBLRepository.csproj", "{F2C42FB0-E77A-4293-9899-9271DB485081}"
EndProject
Project("{9A19103F-16F7-4668-BE54-9A1E7A4F7556}") = "BestBooks.BookBusinessEntity", "Book Micro Service\BestBooks.BusinessEntity\BestBooks.BookBusinessEntity.csproj", "{0F4C7300-B9AE-484F-96A8-D6FCE6BF2EAE}"
EndProject
Project("{9A19103F-16F7-4668-BE54-9A1E7A4F7556}") = "BestBooks.BookDataAccess", "Book Micro Service\BestBooks.DataAccess\BestBooks.BookDataAccess.csproj", "{3A2F3E56-CE12-4D57-AC52-40BB2538177B}"
EndProject
Project("{2150E333-8FDC-42A3-9474-1A3956D46DE8}") = "AWS Service Gateway", "AWS Service Gateway", "{08D4CD58-74FE-47BF-8B45-D0412BB8E175}"
EndProject
Project("{9A19103F-16F7-4668-BE54-9A1E7A4F7556}") = "AWSServiceGateway", "AWSServiceGateway\AWSServiceGateway.csproj", "{0CFDB480-625B-485F-899B-887164EB655C}"
EndProject
Project("{2150E333-8FDC-42A3-9474-1A3956D46DE8}") = "Utility", "Utility", "{E6D60F49-0647-4937-A97B-E91877BC297A}"
EndProject
Project("{9A19103F-16F7-4668-BE54-9A1E7A4F7556}") = "HelperUtility", "HelperUtility\HelperUtility.csproj", "{B971E434-9E7B-46FF-A259-72EA3AA0C955}"
EndProject
Project("{9A19103F-16F7-4668-BE54-9A1E7A4F7556}") = "BestBooks.BookHTTPRESTApi", "Book Micro Service\BestBooks..BookHTTPRESTAPIs\BestBooks.BookHTTPRESTApi.csproj", "{C38AF3E9-5C0C-4E1C-A46E-AA427422BFCE}"
EndProject
Project("{9A19103F-16F7-4668-BE54-9A1E7A4F7556}") = "BestBooks..UserHTTPRESTApi", "User Micro Service\BestBooks.CustomerHTTPRESTApis\BestBooks..UserHTTPRESTApi.csproj", "{D93753B3-6161-4CDE-9090-A4340A32F1FF}"
EndProject
Project("{9A19103F-16F7-4668-BE54-9A1E7A4F7556}") = "BestBooks.UserBusinesEntity", "User Micro Service\BestBooks.UserBusinesEntity\BestBooks.UserBusinesEntity.csproj", "{D584AABF-7C1F-4427-B433-981E97E2FF52}"
EndProject
Project("{9A19103F-16F7-4668-BE54-9A1E7A4F7556}") = "BestBooks.UserBLRepository", "User Micro Service\BestBooks.UserBLRepository\BestBooks.UserBLRepository.csproj", "{177BB591-E302-40FC-AC62-469B8BCD1BA1}"
EndProject
Project("{9A19103F-16F7-4668-BE54-9A1E7A4F7556}") = "BestBooks.UserDataAccess", "User Micro Service\BestBooks.UserDataAccess\BestBooks.UserDataAccess.csproj", "{F8BED657-332B-4BF0-A8DE-878515A8FF38}"
EndProject
Global
	GlobalSection(SolutionConfigurationPlatforms) = preSolution
		Debug|Any CPU = Debug|Any CPU
		Release|Any CPU = Release|Any CPU
	EndGlobalSection
	GlobalSection(ProjectConfigurationPlatforms) = postSolution
		{00E87B6E-ED13-46AE-80DF-971582B4CB62}.Debug|Any CPU.ActiveCfg = Debug|Any CPU
		{00E87B6E-ED13-46AE-80DF-971582B4CB62}.Debug|Any CPU.Build.0 = Debug|Any CPU
		{00E87B6E-ED13-46AE-80DF-971582B4CB62}.Release|Any CPU.ActiveCfg = Release|Any CPU
		{00E87B6E-ED13-46AE-80DF-971582B4CB62}.Release|Any CPU.Build.0 = Release|Any CPU
		{B760DCEC-A447-4B38-A774-975592F54D16}.Debug|Any CPU.ActiveCfg = Debug|Any CPU
		{B760DCEC-A447-4B38-A774-975592F54D16}.Debug|Any CPU.Build.0 = Debug|Any CPU
		{B760DCEC-A447-4B38-A774-975592F54D16}.Release|Any CPU.ActiveCfg = Release|Any CPU
		{B760DCEC-A447-4B38-A774-975592F54D16}.Release|Any CPU.Build.0 = Release|Any CPU
		{FEBCDE5A-8833-44F3-8958-9E4DADCBA4AD}.Debug|Any CPU.ActiveCfg = Debug|Any CPU
		{FEBCDE5A-8833-44F3-8958-9E4DADCBA4AD}.Debug|Any CPU.Build.0 = Debug|Any CPU
		{FEBCDE5A-8833-44F3-8958-9E4DADCBA4AD}.Release|Any CPU.ActiveCfg = Release|Any CPU
		{FEBCDE5A-8833-44F3-8958-9E4DADCBA4AD}.Release|Any CPU.Build.0 = Release|Any CPU
		{F2C42FB0-E77A-4293-9899-9271DB485081}.Debug|Any CPU.ActiveCfg = Debug|Any CPU
		{F2C42FB0-E77A-4293-9899-9271DB485081}.Debug|Any CPU.Build.0 = Debug|Any CPU
		{F2C42FB0-E77A-4293-9899-9271DB485081}.Release|Any CPU.ActiveCfg = Release|Any CPU
		{F2C42FB0-E77A-4293-9899-9271DB485081}.Release|Any CPU.Build.0 = Release|Any CPU
		{0F4C7300-B9AE-484F-96A8-D6FCE6BF2EAE}.Debug|Any CPU.ActiveCfg = Debug|Any CPU
		{0F4C7300-B9AE-484F-96A8-D6FCE6BF2EAE}.Debug|Any CPU.Build.0 = Debug|Any CPU
		{0F4C7300-B9AE-484F-96A8-D6FCE6BF2EAE}.Release|Any CPU.ActiveCfg = Release|Any CPU
		{0F4C7300-B9AE-484F-96A8-D6FCE6BF2EAE}.Release|Any CPU.Build.0 = Release|Any CPU
		{3A2F3E56-CE12-4D57-AC52-40BB2538177B}.Debug|Any CPU.ActiveCfg = Debug|Any CPU
		{3A2F3E56-CE12-4D57-AC52-40BB2538177B}.Debug|Any CPU.Build.0 = Debug|Any CPU
		{3A2F3E56-CE12-4D57-AC52-40BB2538177B}.Release|Any CPU.ActiveCfg = Release|Any CPU
		{3A2F3E56-CE12-4D57-AC52-40BB2538177B}.Release|Any CPU.Build.0 = Release|Any CPU
		{0CFDB480-625B-485F-899B-887164EB655C}.Debug|Any CPU.ActiveCfg = Debug|Any CPU
		{0CFDB480-625B-485F-899B-887164EB655C}.Debug|Any CPU.Build.0 = Debug|Any CPU
		{0CFDB480-625B-485F-899B-887164EB655C}.Release|Any CPU.ActiveCfg = Release|Any CPU
		{0CFDB480-625B-485F-899B-887164EB655C}.Release|Any CPU.Build.0 = Release|Any CPU
		{B971E434-9E7B-46FF-A259-72EA3AA0C955}.Debug|Any CPU.ActiveCfg = Debug|Any CPU
		{B971E434-9E7B-46FF-A259-72EA3AA0C955}.Debug|Any CPU.Build.0 = Debug|Any CPU
		{B971E434-9E7B-46FF-A259-72EA3AA0C955}.Release|Any CPU.ActiveCfg = Release|Any CPU
		{B971E434-9E7B-46FF-A259-72EA3AA0C955}.Release|Any CPU.Build.0 = Release|Any CPU
		{C38AF3E9-5C0C-4E1C-A46E-AA427422BFCE}.Debug|Any CPU.ActiveCfg = Debug|Any CPU
		{C38AF3E9-5C0C-4E1C-A46E-AA427422BFCE}.Debug|Any CPU.Build.0 = Debug|Any CPU
		{C38AF3E9-5C0C-4E1C-A46E-AA427422BFCE}.Release|Any CPU.ActiveCfg = Release|Any CPU
		{C38AF3E9-5C0C-4E1C-A46E-AA427422BFCE}.Release|Any CPU.Build.0 = Release|Any CPU
		{D93753B3-6161-4CDE-9090-A4340A32F1FF}.Debug|Any CPU.ActiveCfg = Debug|Any CPU
		{D93753B3-6161-4CDE-9090-A4340A32F1FF}.Debug|Any CPU.Build.0 = Debug|Any CPU
		{D93753B3-6161-4CDE-9090-A4340A32F1FF}.Release|Any CPU.ActiveCfg = Release|Any CPU
		{D93753B3-6161-4CDE-9090-A4340A32F1FF}.Release|Any CPU.Build.0 = Release|Any CPU
		{D584AABF-7C1F-4427-B433-981E97E2FF52}.Debug|Any CPU.ActiveCfg = Debug|Any CPU
		{D584AABF-7C1F-4427-B433-981E97E2FF52}.Debug|Any CPU.Build.0 = Debug|Any CPU
		{D584AABF-7C1F-4427-B433-981E97E2FF52}.Release|Any CPU.ActiveCfg = Release|Any CPU
		{D584AABF-7C1F-4427-B433-981E97E2FF52}.Release|Any CPU.Build.0 = Release|Any CPU
		{177BB591-E302-40FC-AC62-469B8BCD1BA1}.Debug|Any CPU.ActiveCfg = Debug|Any CPU
		{177BB591-E302-40FC-AC62-469B8BCD1BA1}.Debug|Any CPU.Build.0 = Debug|Any CPU
		{177BB591-E302-40FC-AC62-469B8BCD1BA1}.Release|Any CPU.ActiveCfg = Release|Any CPU
		{177BB591-E302-40FC-AC62-469B8BCD1BA1}.Release|Any CPU.Build.0 = Release|Any CPU
		{F8BED657-332B-4BF0-A8DE-878515A8FF38}.Debug|Any CPU.ActiveCfg = Debug|Any CPU
		{F8BED657-332B-4BF0-A8DE-878515A8FF38}.Debug|Any CPU.Build.0 = Debug|Any CPU
		{F8BED657-332B-4BF0-A8DE-878515A8FF38}.Release|Any CPU.ActiveCfg = Release|Any CPU
		{F8BED657-332B-4BF0-A8DE-878515A8FF38}.Release|Any CPU.Build.0 = Release|Any CPU
	EndGlobalSection
	GlobalSection(SolutionProperties) = preSolution
		HideSolutionNode = FALSE
	EndGlobalSection
	GlobalSection(NestedProjects) = preSolution
		{00E87B6E-ED13-46AE-80DF-971582B4CB62} = {71429EBD-74F4-42DE-A025-E39FC14AE7AF}
		{B760DCEC-A447-4B38-A774-975592F54D16} = {71429EBD-74F4-42DE-A025-E39FC14AE7AF}
		{FEBCDE5A-8833-44F3-8958-9E4DADCBA4AD} = {71429EBD-74F4-42DE-A025-E39FC14AE7AF}
		{F2C42FB0-E77A-4293-9899-9271DB485081} = {12CE24D8-524C-4149-B02F-91C9604321AC}
		{0F4C7300-B9AE-484F-96A8-D6FCE6BF2EAE} = {12CE24D8-524C-4149-B02F-91C9604321AC}
		{3A2F3E56-CE12-4D57-AC52-40BB2538177B} = {12CE24D8-524C-4149-B02F-91C9604321AC}
		{0CFDB480-625B-485F-899B-887164EB655C} = {08D4CD58-74FE-47BF-8B45-D0412BB8E175}
		{B971E434-9E7B-46FF-A259-72EA3AA0C955} = {E6D60F49-0647-4937-A97B-E91877BC297A}
		{C38AF3E9-5C0C-4E1C-A46E-AA427422BFCE} = {12CE24D8-524C-4149-B02F-91C9604321AC}
		{D93753B3-6161-4CDE-9090-A4340A32F1FF} = {34B2A1E1-5472-468A-A488-11B95DD11783}
		{D584AABF-7C1F-4427-B433-981E97E2FF52} = {34B2A1E1-5472-468A-A488-11B95DD11783}
		{177BB591-E302-40FC-AC62-469B8BCD1BA1} = {34B2A1E1-5472-468A-A488-11B95DD11783}
		{F8BED657-332B-4BF0-A8DE-878515A8FF38} = {34B2A1E1-5472-468A-A488-11B95DD11783}
	EndGlobalSection
	GlobalSection(ExtensibilityGlobals) = postSolution
		SolutionGuid = {13DB3C9A-5180-43F2-8BFB-9DEEDC9F0754}
	EndGlobalSection
EndGlobal
