
Microsoft Visual Studio Solution File, Format Version 12.00
# Visual Studio Version 16
VisualStudioVersion = 16.0.31424.327
MinimumVisualStudioVersion = 10.0.40219.1
Project("{9A19103F-16F7-4668-BE54-9A1E7A4F7556}") = "BestBooks..UserHTTPRESTApi", "BestBooks.CustomerHTTPRESTApis\BestBooks..UserHTTPRESTApi.csproj", "{4AB3BBB2-1352-48AD-8195-02F4C67BE90C}"
EndProject
Project("{9A19103F-16F7-4668-BE54-9A1E7A4F7556}") = "BestBooks.UserBLRepository", "BestBooks.UserBLRepository\BestBooks.UserBLRepository.csproj", "{C75523FA-7804-4D46-AA2A-0A05C5179F0A}"
EndProject
Project("{9A19103F-16F7-4668-BE54-9A1E7A4F7556}") = "BestBooks.UserBusinesEntity", "BestBooks.UserBusinesEntity\BestBooks.UserBusinesEntity.csproj", "{43DD74B2-D4B1-48E7-90E8-BD39F6D93DE3}"
EndProject
Project("{9A19103F-16F7-4668-BE54-9A1E7A4F7556}") = "BestBooks.UserDataAccess", "BestBooks.UserDataAccess\BestBooks.UserDataAccess.csproj", "{1A2EF4A1-0771-4724-87E1-1FDED4A78838}"
EndProject
Global
	GlobalSection(SolutionConfigurationPlatforms) = preSolution
		Debug|Any CPU = Debug|Any CPU
		Release|Any CPU = Release|Any CPU
	EndGlobalSection
	GlobalSection(ProjectConfigurationPlatforms) = postSolution
		{4AB3BBB2-1352-48AD-8195-02F4C67BE90C}.Debug|Any CPU.ActiveCfg = Debug|Any CPU
		{4AB3BBB2-1352-48AD-8195-02F4C67BE90C}.Debug|Any CPU.Build.0 = Debug|Any CPU
		{4AB3BBB2-1352-48AD-8195-02F4C67BE90C}.Release|Any CPU.ActiveCfg = Release|Any CPU
		{4AB3BBB2-1352-48AD-8195-02F4C67BE90C}.Release|Any CPU.Build.0 = Release|Any CPU
		{C75523FA-7804-4D46-AA2A-0A05C5179F0A}.Debug|Any CPU.ActiveCfg = Debug|Any CPU
		{C75523FA-7804-4D46-AA2A-0A05C5179F0A}.Debug|Any CPU.Build.0 = Debug|Any CPU
		{C75523FA-7804-4D46-AA2A-0A05C5179F0A}.Release|Any CPU.ActiveCfg = Release|Any CPU
		{C75523FA-7804-4D46-AA2A-0A05C5179F0A}.Release|Any CPU.Build.0 = Release|Any CPU
		{43DD74B2-D4B1-48E7-90E8-BD39F6D93DE3}.Debug|Any CPU.ActiveCfg = Debug|Any CPU
		{43DD74B2-D4B1-48E7-90E8-BD39F6D93DE3}.Debug|Any CPU.Build.0 = Debug|Any CPU
		{43DD74B2-D4B1-48E7-90E8-BD39F6D93DE3}.Release|Any CPU.ActiveCfg = Release|Any CPU
		{43DD74B2-D4B1-48E7-90E8-BD39F6D93DE3}.Release|Any CPU.Build.0 = Release|Any CPU
		{1A2EF4A1-0771-4724-87E1-1FDED4A78838}.Debug|Any CPU.ActiveCfg = Debug|Any CPU
		{1A2EF4A1-0771-4724-87E1-1FDED4A78838}.Debug|Any CPU.Build.0 = Debug|Any CPU
		{1A2EF4A1-0771-4724-87E1-1FDED4A78838}.Release|Any CPU.ActiveCfg = Release|Any CPU
		{1A2EF4A1-0771-4724-87E1-1FDED4A78838}.Release|Any CPU.Build.0 = Release|Any CPU
	EndGlobalSection
	GlobalSection(SolutionProperties) = preSolution
		HideSolutionNode = FALSE
	EndGlobalSection
	GlobalSection(ExtensibilityGlobals) = postSolution
		SolutionGuid = {AEF5950D-E54E-4BE9-A461-62F7BF5ACF52}
	EndGlobalSection
EndGlobal
